{
  "pins" : [
    {
      "identity" : "zoomableswiftimageview",
      "kind" : "remoteSourceControl",
      "location" : "https://github.com/IODevBlue/ZoomableSwiftImageView",
      "state" : {
        "revision" : "69b17b5352609b8dc32a6710d7b0625f918287d0",
        "version" : "1.0.0"
      }
    }
  ],
  "version" : 2
}
